
Microsoft Visual Studio Solution File, Format Version 12.00
# Visual Studio 2012
Project("{FAE04EC0-301F-11D3-BF4B-00C04F79EFBC}") = "LogglyTester", "LogglyTester.csproj", "{3EAD2AAA-C7CD-4C4A-957C-5D8206057C4A}"
EndProject
Project("{FAE04EC0-301F-11D3-BF4B-00C04F79EFBC}") = "Logger", "..\..\apps\Madras\MAIN\Shared\Logger\Logger.csproj", "{A6F600DB-664F-43C1-83E5-BD83B1884181}"
EndProject
Project("{FAE04EC0-301F-11D3-BF4B-00C04F79EFBC}") = "Classes", "..\..\apps\Madras\MAIN\Shared\Classes\Classes.csproj", "{E218525F-7F59-4CB1-9CFA-5D4E55611324}"
EndProject
Global
	GlobalSection(SolutionConfigurationPlatforms) = preSolution
		Debug|Any CPU = Debug|Any CPU
		Dev|Any CPU = Dev|Any CPU
		Labs|Any CPU = Labs|Any CPU
		Release|Any CPU = Release|Any CPU
		Test|Any CPU = Test|Any CPU
	EndGlobalSection
	GlobalSection(ProjectConfigurationPlatforms) = postSolution
		{3EAD2AAA-C7CD-4C4A-957C-5D8206057C4A}.Debug|Any CPU.ActiveCfg = Debug|Any CPU
		{3EAD2AAA-C7CD-4C4A-957C-5D8206057C4A}.Debug|Any CPU.Build.0 = Debug|Any CPU
		{3EAD2AAA-C7CD-4C4A-957C-5D8206057C4A}.Dev|Any CPU.ActiveCfg = Debug|Any CPU
		{3EAD2AAA-C7CD-4C4A-957C-5D8206057C4A}.Dev|Any CPU.Build.0 = Debug|Any CPU
		{3EAD2AAA-C7CD-4C4A-957C-5D8206057C4A}.Labs|Any CPU.ActiveCfg = Release|Any CPU
		{3EAD2AAA-C7CD-4C4A-957C-5D8206057C4A}.Labs|Any CPU.Build.0 = Release|Any CPU
		{3EAD2AAA-C7CD-4C4A-957C-5D8206057C4A}.Release|Any CPU.ActiveCfg = Release|Any CPU
		{3EAD2AAA-C7CD-4C4A-957C-5D8206057C4A}.Release|Any CPU.Build.0 = Release|Any CPU
		{3EAD2AAA-C7CD-4C4A-957C-5D8206057C4A}.Test|Any CPU.ActiveCfg = Release|Any CPU
		{3EAD2AAA-C7CD-4C4A-957C-5D8206057C4A}.Test|Any CPU.Build.0 = Release|Any CPU
		{A6F600DB-664F-43C1-83E5-BD83B1884181}.Debug|Any CPU.ActiveCfg = Debug|Any CPU
		{A6F600DB-664F-43C1-83E5-BD83B1884181}.Debug|Any CPU.Build.0 = Debug|Any CPU
		{A6F600DB-664F-43C1-83E5-BD83B1884181}.Dev|Any CPU.ActiveCfg = Dev|Any CPU
		{A6F600DB-664F-43C1-83E5-BD83B1884181}.Dev|Any CPU.Build.0 = Dev|Any CPU
		{A6F600DB-664F-43C1-83E5-BD83B1884181}.Labs|Any CPU.ActiveCfg = Labs|Any CPU
		{A6F600DB-664F-43C1-83E5-BD83B1884181}.Labs|Any CPU.Build.0 = Labs|Any CPU
		{A6F600DB-664F-43C1-83E5-BD83B1884181}.Release|Any CPU.ActiveCfg = Release|Any CPU
		{A6F600DB-664F-43C1-83E5-BD83B1884181}.Release|Any CPU.Build.0 = Release|Any CPU
		{A6F600DB-664F-43C1-83E5-BD83B1884181}.Test|Any CPU.ActiveCfg = Test|Any CPU
		{A6F600DB-664F-43C1-83E5-BD83B1884181}.Test|Any CPU.Build.0 = Test|Any CPU
		{E218525F-7F59-4CB1-9CFA-5D4E55611324}.Debug|Any CPU.ActiveCfg = Debug|Any CPU
		{E218525F-7F59-4CB1-9CFA-5D4E55611324}.Debug|Any CPU.Build.0 = Debug|Any CPU
		{E218525F-7F59-4CB1-9CFA-5D4E55611324}.Dev|Any CPU.ActiveCfg = Dev|Any CPU
		{E218525F-7F59-4CB1-9CFA-5D4E55611324}.Dev|Any CPU.Build.0 = Dev|Any CPU
		{E218525F-7F59-4CB1-9CFA-5D4E55611324}.Labs|Any CPU.ActiveCfg = Labs|Any CPU
		{E218525F-7F59-4CB1-9CFA-5D4E55611324}.Labs|Any CPU.Build.0 = Labs|Any CPU
		{E218525F-7F59-4CB1-9CFA-5D4E55611324}.Release|Any CPU.ActiveCfg = Release|Any CPU
		{E218525F-7F59-4CB1-9CFA-5D4E55611324}.Release|Any CPU.Build.0 = Release|Any CPU
		{E218525F-7F59-4CB1-9CFA-5D4E55611324}.Test|Any CPU.ActiveCfg = Test|Any CPU
		{E218525F-7F59-4CB1-9CFA-5D4E55611324}.Test|Any CPU.Build.0 = Test|Any CPU
	EndGlobalSection
	GlobalSection(SolutionProperties) = preSolution
		HideSolutionNode = FALSE
	EndGlobalSection
EndGlobal
